// !$*UTF8*$!
{
	archiveVersion = 1;
	classes = {
	};
	objectVersion = 46;
	objects = {

/* Begin PBXBuildFile section */
		DD08DE78149F9DC300B0A2FA /* TextDownloader.m in Sources */ = {isa = PBXBuildFile; fileRef = DD08DE77149F9DC300B0A2FA /* TextDownloader.m */; };
		DD08DE7C14A25D7B00B0A2FA /* ImageDownloader.m in Sources */ = {isa = PBXBuildFile; fileRef = DD08DE7B14A25D7B00B0A2FA /* ImageDownloader.m */; };
		DD08DE7E14A2605600B0A2FA /* Placeholder.png in Resources */ = {isa = PBXBuildFile; fileRef = DD08DE7D14A2605600B0A2FA /* Placeholder.png */; };
		DD25012514B60B8300E215A7 /* ExpertsDownloader.m in Sources */ = {isa = PBXBuildFile; fileRef = DD25012414B60B8300E215A7 /* ExpertsDownloader.m */; };
		DD587690146D27C300AE263A /* Expert.m in Sources */ = {isa = PBXBuildFile; fileRef = DD58768F146D27C300AE263A /* Expert.m */; };
		DDA6ABF0146A7E2700383B11 /* UIKit.framework in Frameworks */ = {isa = PBXBuildFile; fileRef = DDA6ABEF146A7E2700383B11 /* UIKit.framework */; };
		DDA6ABF2146A7E2700383B11 /* Foundation.framework in Frameworks */ = {isa = PBXBuildFile; fileRef = DDA6ABF1146A7E2700383B11 /* Foundation.framework */; };
		DDA6ABF4146A7E2700383B11 /* CoreGraphics.framework in Frameworks */ = {isa = PBXBuildFile; fileRef = DDA6ABF3146A7E2700383B11 /* CoreGraphics.framework */; };
		DDA6ABFA146A7E2700383B11 /* InfoPlist.strings in Resources */ = {isa = PBXBuildFile; fileRef = DDA6ABF8146A7E2700383B11 /* InfoPlist.strings */; };
		DDA6ABFC146A7E2700383B11 /* main.m in Sources */ = {isa = PBXBuildFile; fileRef = DDA6ABFB146A7E2700383B11 /* main.m */; };
		DDA6AC00146A7E2700383B11 /* AppDelegate.m in Sources */ = {isa = PBXBuildFile; fileRef = DDA6ABFF146A7E2700383B11 /* AppDelegate.m */; };
		DDA6AC03146A7E2700383B11 /* MainStoryboard_iPhone.storyboard in Resources */ = {isa = PBXBuildFile; fileRef = DDA6AC01146A7E2700383B11 /* MainStoryboard_iPhone.storyboard */; };
		DDA6AC06146A7E2700383B11 /* MainStoryboard_iPad.storyboard in Resources */ = {isa = PBXBuildFile; fileRef = DDA6AC04146A7E2700383B11 /* MainStoryboard_iPad.storyboard */; };
		DDA6AC09146A7E2700383B11 /* ExpertViewController.m in Sources */ = {isa = PBXBuildFile; fileRef = DDA6AC08146A7E2700383B11 /* ExpertViewController.m */; };
		DDA6AC0B146A7E2700383B11 /* first.png in Resources */ = {isa = PBXBuildFile; fileRef = DDA6AC0A146A7E2700383B11 /* first.png */; };
		DDA6AC0D146A7E2700383B11 /* first@2x.png in Resources */ = {isa = PBXBuildFile; fileRef = DDA6AC0C146A7E2700383B11 /* first@2x.png */; };
		DDA6AC10146A7E2700383B11 /* TestViewController.m in Sources */ = {isa = PBXBuildFile; fileRef = DDA6AC0F146A7E2700383B11 /* TestViewController.m */; };
		DDA6AC12146A7E2700383B11 /* second.png in Resources */ = {isa = PBXBuildFile; fileRef = DDA6AC11146A7E2700383B11 /* second.png */; };
		DDA6AC14146A7E2700383B11 /* second@2x.png in Resources */ = {isa = PBXBuildFile; fileRef = DDA6AC13146A7E2700383B11 /* second@2x.png */; };
		DDA6AC1C146A7E2700383B11 /* SenTestingKit.framework in Frameworks */ = {isa = PBXBuildFile; fileRef = DDA6AC1B146A7E2700383B11 /* SenTestingKit.framework */; };
		DDA6AC1D146A7E2700383B11 /* UIKit.framework in Frameworks */ = {isa = PBXBuildFile; fileRef = DDA6ABEF146A7E2700383B11 /* UIKit.framework */; };
		DDA6AC1E146A7E2700383B11 /* Foundation.framework in Frameworks */ = {isa = PBXBuildFile; fileRef = DDA6ABF1146A7E2700383B11 /* Foundation.framework */; };
		DDA6AC26146A7E2700383B11 /* InfoPlist.strings in Resources */ = {isa = PBXBuildFile; fileRef = DDA6AC24146A7E2700383B11 /* InfoPlist.strings */; };
		DDA6AC29146A7E2700383B11 /* IKM_DatabaseTests.m in Sources */ = {isa = PBXBuildFile; fileRef = DDA6AC28146A7E2700383B11 /* IKM_DatabaseTests.m */; };
		DDA6AC34146A818E00383B11 /* IKMDatasource.m in Sources */ = {isa = PBXBuildFile; fileRef = DDA6AC33146A818E00383B11 /* IKMDatasource.m */; };
		DDA6AC37146A834000383B11 /* Skill.m in Sources */ = {isa = PBXBuildFile; fileRef = DDA6AC36146A834000383B11 /* Skill.m */; };
		DDA6AC44146AA8CF00383B11 /* SkillTableViewController.m in Sources */ = {isa = PBXBuildFile; fileRef = DDA6AC43146AA8CF00383B11 /* SkillTableViewController.m */; };
		DDB4043614B747DB009F6A09 /* Settings.bundle in Resources */ = {isa = PBXBuildFile; fileRef = DDB4043514B747DB009F6A09 /* Settings.bundle */; };
		DDB4043A14BAE92C009F6A09 /* QueryParameter.m in Sources */ = {isa = PBXBuildFile; fileRef = DDB4043914BAE92C009F6A09 /* QueryParameter.m */; };
		DDB4043D14BAE951009F6A09 /* SkillQuery.m in Sources */ = {isa = PBXBuildFile; fileRef = DDB4043C14BAE951009F6A09 /* SkillQuery.m */; };
		DDB4043F14BC2D09009F6A09 /* skilldb57.png in Resources */ = {isa = PBXBuildFile; fileRef = DDB4043E14BC2D09009F6A09 /* skilldb57.png */; };
		DDB4044114BC2D0E009F6A09 /* skilldb114.png in Resources */ = {isa = PBXBuildFile; fileRef = DDB4044014BC2D0E009F6A09 /* skilldb114.png */; };
		DDD8BB18146AD9D500BF504D /* ExpertTableViewController.m in Sources */ = {isa = PBXBuildFile; fileRef = DDD8BB17146AD9D500BF504D /* ExpertTableViewController.m */; };
		DDDEE5DC14CD960500CF174C /* ExpertDetailTableViewController.m in Sources */ = {isa = PBXBuildFile; fileRef = DDDEE5DB14CD960500CF174C /* ExpertDetailTableViewController.m */; };
/* End PBXBuildFile section */

/* Begin PBXContainerItemProxy section */
		DDA6AC1F146A7E2700383B11 /* PBXContainerItemProxy */ = {
			isa = PBXContainerItemProxy;
			containerPortal = DDA6ABE2146A7E2700383B11 /* Project object */;
			proxyType = 1;
			remoteGlobalIDString = DDA6ABEA146A7E2700383B11;
			remoteInfo = "IKM Database";
		};
/* End PBXContainerItemProxy section */

/* Begin PBXFileReference section */
		DD08DE76149F9DC300B0A2FA /* TextDownloader.h */ = {isa = PBXFileReference; fileEncoding = 4; lastKnownFileType = sourcecode.c.h; path = TextDownloader.h; sourceTree = "<group>"; };
		DD08DE77149F9DC300B0A2FA /* TextDownloader.m */ = {isa = PBXFileReference; fileEncoding = 4; lastKnownFileType = sourcecode.c.objc; path = TextDownloader.m; sourceTree = "<group>"; };
		DD08DE7A14A25D7B00B0A2FA /* ImageDownloader.h */ = {isa = PBXFileReference; fileEncoding = 4; lastKnownFileType = sourcecode.c.h; path = ImageDownloader.h; sourceTree = "<group>"; };
		DD08DE7B14A25D7B00B0A2FA /* ImageDownloader.m */ = {isa = PBXFileReference; fileEncoding = 4; lastKnownFileType = sourcecode.c.objc; path = ImageDownloader.m; sourceTree = "<group>"; };
		DD08DE7D14A2605600B0A2FA /* Placeholder.png */ = {isa = PBXFileReference; lastKnownFileType = image.png; path = Placeholder.png; sourceTree = "<group>"; };
		DD25012314B60B8300E215A7 /* ExpertsDownloader.h */ = {isa = PBXFileReference; fileEncoding = 4; lastKnownFileType = sourcecode.c.h; path = ExpertsDownloader.h; sourceTree = "<group>"; };
		DD25012414B60B8300E215A7 /* ExpertsDownloader.m */ = {isa = PBXFileReference; fileEncoding = 4; lastKnownFileType = sourcecode.c.objc; path = ExpertsDownloader.m; sourceTree = "<group>"; };
		DD55BB3B14C0736D00CB4E9A /* skilldb.entitlements */ = {isa = PBXFileReference; lastKnownFileType = text.xml; path = skilldb.entitlements; sourceTree = "<group>"; };
		DD58768E146D27C300AE263A /* Expert.h */ = {isa = PBXFileReference; fileEncoding = 4; lastKnownFileType = sourcecode.c.h; path = Expert.h; sourceTree = "<group>"; };
		DD58768F146D27C300AE263A /* Expert.m */ = {isa = PBXFileReference; fileEncoding = 4; lastKnownFileType = sourcecode.c.objc; path = Expert.m; sourceTree = "<group>"; };
		DDA6ABEB146A7E2700383B11 /* skilldb.app */ = {isa = PBXFileReference; explicitFileType = wrapper.application; includeInIndex = 0; path = skilldb.app; sourceTree = BUILT_PRODUCTS_DIR; };
		DDA6ABEF146A7E2700383B11 /* UIKit.framework */ = {isa = PBXFileReference; lastKnownFileType = wrapper.framework; name = UIKit.framework; path = System/Library/Frameworks/UIKit.framework; sourceTree = SDKROOT; };
		DDA6ABF1146A7E2700383B11 /* Foundation.framework */ = {isa = PBXFileReference; lastKnownFileType = wrapper.framework; name = Foundation.framework; path = System/Library/Frameworks/Foundation.framework; sourceTree = SDKROOT; };
		DDA6ABF3146A7E2700383B11 /* CoreGraphics.framework */ = {isa = PBXFileReference; lastKnownFileType = wrapper.framework; name = CoreGraphics.framework; path = System/Library/Frameworks/CoreGraphics.framework; sourceTree = SDKROOT; };
		DDA6ABF7146A7E2700383B11 /* skilldb-Info.plist */ = {isa = PBXFileReference; lastKnownFileType = text.plist.xml; path = "skilldb-Info.plist"; sourceTree = "<group>"; };
		DDA6ABF9146A7E2700383B11 /* en */ = {isa = PBXFileReference; lastKnownFileType = text.plist.strings; name = en; path = en.lproj/InfoPlist.strings; sourceTree = "<group>"; };
		DDA6ABFB146A7E2700383B11 /* main.m */ = {isa = PBXFileReference; lastKnownFileType = sourcecode.c.objc; path = main.m; sourceTree = "<group>"; };
		DDA6ABFD146A7E2700383B11 /* skilldb-Prefix.pch */ = {isa = PBXFileReference; lastKnownFileType = sourcecode.c.h; path = "skilldb-Prefix.pch"; sourceTree = "<group>"; };
		DDA6ABFE146A7E2700383B11 /* AppDelegate.h */ = {isa = PBXFileReference; lastKnownFileType = sourcecode.c.h; path = AppDelegate.h; sourceTree = "<group>"; };
		DDA6ABFF146A7E2700383B11 /* AppDelegate.m */ = {isa = PBXFileReference; lastKnownFileType = sourcecode.c.objc; path = AppDelegate.m; sourceTree = "<group>"; };
		DDA6AC02146A7E2700383B11 /* en */ = {isa = PBXFileReference; lastKnownFileType = file.storyboard; name = en; path = en.lproj/MainStoryboard_iPhone.storyboard; sourceTree = "<group>"; };
		DDA6AC05146A7E2700383B11 /* en */ = {isa = PBXFileReference; lastKnownFileType = file.storyboard; name = en; path = en.lproj/MainStoryboard_iPad.storyboard; sourceTree = "<group>"; };
		DDA6AC07146A7E2700383B11 /* ExpertViewController.h */ = {isa = PBXFileReference; lastKnownFileType = sourcecode.c.h; path = ExpertViewController.h; sourceTree = "<group>"; };
		DDA6AC08146A7E2700383B11 /* ExpertViewController.m */ = {isa = PBXFileReference; lastKnownFileType = sourcecode.c.objc; path = ExpertViewController.m; sourceTree = "<group>"; };
		DDA6AC0A146A7E2700383B11 /* first.png */ = {isa = PBXFileReference; lastKnownFileType = image.png; path = first.png; sourceTree = "<group>"; };
		DDA6AC0C146A7E2700383B11 /* first@2x.png */ = {isa = PBXFileReference; lastKnownFileType = image.png; path = "first@2x.png"; sourceTree = "<group>"; };
		DDA6AC0E146A7E2700383B11 /* TestViewController.h */ = {isa = PBXFileReference; lastKnownFileType = sourcecode.c.h; path = TestViewController.h; sourceTree = "<group>"; };
		DDA6AC0F146A7E2700383B11 /* TestViewController.m */ = {isa = PBXFileReference; lastKnownFileType = sourcecode.c.objc; path = TestViewController.m; sourceTree = "<group>"; };
		DDA6AC11146A7E2700383B11 /* second.png */ = {isa = PBXFileReference; lastKnownFileType = image.png; path = second.png; sourceTree = "<group>"; };
		DDA6AC13146A7E2700383B11 /* second@2x.png */ = {isa = PBXFileReference; lastKnownFileType = image.png; path = "second@2x.png"; sourceTree = "<group>"; };
		DDA6AC1A146A7E2700383B11 /* skilldbTests.octest */ = {isa = PBXFileReference; explicitFileType = wrapper.cfbundle; includeInIndex = 0; path = skilldbTests.octest; sourceTree = BUILT_PRODUCTS_DIR; };
		DDA6AC1B146A7E2700383B11 /* SenTestingKit.framework */ = {isa = PBXFileReference; lastKnownFileType = wrapper.framework; name = SenTestingKit.framework; path = Library/Frameworks/SenTestingKit.framework; sourceTree = DEVELOPER_DIR; };
		DDA6AC23146A7E2700383B11 /* skilldbTests-Info.plist */ = {isa = PBXFileReference; lastKnownFileType = text.plist.xml; path = "skilldbTests-Info.plist"; sourceTree = "<group>"; };
		DDA6AC25146A7E2700383B11 /* en */ = {isa = PBXFileReference; lastKnownFileType = text.plist.strings; name = en; path = en.lproj/InfoPlist.strings; sourceTree = "<group>"; };
		DDA6AC27146A7E2700383B11 /* IKM_DatabaseTests.h */ = {isa = PBXFileReference; lastKnownFileType = sourcecode.c.h; path = IKM_DatabaseTests.h; sourceTree = "<group>"; };
		DDA6AC28146A7E2700383B11 /* IKM_DatabaseTests.m */ = {isa = PBXFileReference; lastKnownFileType = sourcecode.c.objc; path = IKM_DatabaseTests.m; sourceTree = "<group>"; };
		DDA6AC32146A818E00383B11 /* IKMDatasource.h */ = {isa = PBXFileReference; fileEncoding = 4; lastKnownFileType = sourcecode.c.h; path = IKMDatasource.h; sourceTree = "<group>"; };
		DDA6AC33146A818E00383B11 /* IKMDatasource.m */ = {isa = PBXFileReference; fileEncoding = 4; lastKnownFileType = sourcecode.c.objc; path = IKMDatasource.m; sourceTree = "<group>"; };
		DDA6AC35146A834000383B11 /* Skill.h */ = {isa = PBXFileReference; fileEncoding = 4; lastKnownFileType = sourcecode.c.h; path = Skill.h; sourceTree = "<group>"; };
		DDA6AC36146A834000383B11 /* Skill.m */ = {isa = PBXFileReference; fileEncoding = 4; lastKnownFileType = sourcecode.c.objc; path = Skill.m; sourceTree = "<group>"; };
		DDA6AC42146AA8CF00383B11 /* SkillTableViewController.h */ = {isa = PBXFileReference; fileEncoding = 4; lastKnownFileType = sourcecode.c.h; path = SkillTableViewController.h; sourceTree = "<group>"; };
		DDA6AC43146AA8CF00383B11 /* SkillTableViewController.m */ = {isa = PBXFileReference; fileEncoding = 4; lastKnownFileType = sourcecode.c.objc; path = SkillTableViewController.m; sourceTree = "<group>"; };
		DDB4043514B747DB009F6A09 /* Settings.bundle */ = {isa = PBXFileReference; lastKnownFileType = "wrapper.plug-in"; path = Settings.bundle; sourceTree = "<group>"; };
		DDB4043814BAE92C009F6A09 /* QueryParameter.h */ = {isa = PBXFileReference; fileEncoding = 4; lastKnownFileType = sourcecode.c.h; path = QueryParameter.h; sourceTree = "<group>"; };
		DDB4043914BAE92C009F6A09 /* QueryParameter.m */ = {isa = PBXFileReference; fileEncoding = 4; lastKnownFileType = sourcecode.c.objc; path = QueryParameter.m; sourceTree = "<group>"; };
		DDB4043B14BAE951009F6A09 /* SkillQuery.h */ = {isa = PBXFileReference; fileEncoding = 4; lastKnownFileType = sourcecode.c.h; path = SkillQuery.h; sourceTree = "<group>"; };
		DDB4043C14BAE951009F6A09 /* SkillQuery.m */ = {isa = PBXFileReference; fileEncoding = 4; lastKnownFileType = sourcecode.c.objc; path = SkillQuery.m; sourceTree = "<group>"; };
		DDB4043E14BC2D09009F6A09 /* skilldb57.png */ = {isa = PBXFileReference; lastKnownFileType = image.png; name = skilldb57.png; path = ../skilldb57.png; sourceTree = "<group>"; };
		DDB4044014BC2D0E009F6A09 /* skilldb114.png */ = {isa = PBXFileReference; lastKnownFileType = image.png; name = skilldb114.png; path = ../skilldb114.png; sourceTree = "<group>"; };
		DDD8BB16146AD9D500BF504D /* ExpertTableViewController.h */ = {isa = PBXFileReference; fileEncoding = 4; lastKnownFileType = sourcecode.c.h; path = ExpertTableViewController.h; sourceTree = "<group>"; };
		DDD8BB17146AD9D500BF504D /* ExpertTableViewController.m */ = {isa = PBXFileReference; fileEncoding = 4; lastKnownFileType = sourcecode.c.objc; path = ExpertTableViewController.m; sourceTree = "<group>"; };
		DDDEE5DA14CD960500CF174C /* ExpertDetailTableViewController.h */ = {isa = PBXFileReference; fileEncoding = 4; lastKnownFileType = sourcecode.c.h; path = ExpertDetailTableViewController.h; sourceTree = "<group>"; };
		DDDEE5DB14CD960500CF174C /* ExpertDetailTableViewController.m */ = {isa = PBXFileReference; fileEncoding = 4; lastKnownFileType = sourcecode.c.objc; path = ExpertDetailTableViewController.m; sourceTree = "<group>"; };
/* End PBXFileReference section */

/* Begin PBXFrameworksBuildPhase section */
		DDA6ABE8146A7E2700383B11 /* Frameworks */ = {
			isa = PBXFrameworksBuildPhase;
			buildActionMask = 2147483647;
			files = (
				DDA6ABF0146A7E2700383B11 /* UIKit.framework in Frameworks */,
				DDA6ABF2146A7E2700383B11 /* Foundation.framework in Frameworks */,
				DDA6ABF4146A7E2700383B11 /* CoreGraphics.framework in Frameworks */,
			);
			runOnlyForDeploymentPostprocessing = 0;
		};
		DDA6AC16146A7E2700383B11 /* Frameworks */ = {
			isa = PBXFrameworksBuildPhase;
			buildActionMask = 2147483647;
			files = (
				DDA6AC1C146A7E2700383B11 /* SenTestingKit.framework in Frameworks */,
				DDA6AC1D146A7E2700383B11 /* UIKit.framework in Frameworks */,
				DDA6AC1E146A7E2700383B11 /* Foundation.framework in Frameworks */,
			);
			runOnlyForDeploymentPostprocessing = 0;
		};
/* End PBXFrameworksBuildPhase section */

/* Begin PBXGroup section */
		DD08DE7F14A260BF00B0A2FA /* Images */ = {
			isa = PBXGroup;
			children = (
				DDB4044014BC2D0E009F6A09 /* skilldb114.png */,
				DDB4043E14BC2D09009F6A09 /* skilldb57.png */,
			);
			name = Images;
			sourceTree = "<group>";
		};
		DD58768D146D279100AE263A /* IKMDB */ = {
			isa = PBXGroup;
			children = (
				DDA6AC32146A818E00383B11 /* IKMDatasource.h */,
				DDA6AC33146A818E00383B11 /* IKMDatasource.m */,
				DDA6AC35146A834000383B11 /* Skill.h */,
				DDA6AC36146A834000383B11 /* Skill.m */,
				DD58768E146D27C300AE263A /* Expert.h */,
				DD58768F146D27C300AE263A /* Expert.m */,
				DDB4043814BAE92C009F6A09 /* QueryParameter.h */,
				DDB4043914BAE92C009F6A09 /* QueryParameter.m */,
				DDB4043B14BAE951009F6A09 /* SkillQuery.h */,
				DDB4043C14BAE951009F6A09 /* SkillQuery.m */,
			);
			name = IKMDB;
			sourceTree = "<group>";
		};
		DDA6ABE0146A7E2700383B11 = {
			isa = PBXGroup;
			children = (
				DD55BB3B14C0736D00CB4E9A /* skilldb.entitlements */,
				DDA6ABF5146A7E2700383B11 /* IKM Database */,
				DDA6AC21146A7E2700383B11 /* IKM DatabaseTests */,
				DDA6ABEE146A7E2700383B11 /* Frameworks */,
				DDA6ABEC146A7E2700383B11 /* Products */,
			);
			sourceTree = "<group>";
		};
		DDA6ABEC146A7E2700383B11 /* Products */ = {
			isa = PBXGroup;
			children = (
				DDA6ABEB146A7E2700383B11 /* skilldb.app */,
				DDA6AC1A146A7E2700383B11 /* skilldbTests.octest */,
			);
			name = Products;
			sourceTree = "<group>";
		};
		DDA6ABEE146A7E2700383B11 /* Frameworks */ = {
			isa = PBXGroup;
			children = (
				DDA6ABEF146A7E2700383B11 /* UIKit.framework */,
				DDA6ABF1146A7E2700383B11 /* Foundation.framework */,
				DDA6ABF3146A7E2700383B11 /* CoreGraphics.framework */,
				DDA6AC1B146A7E2700383B11 /* SenTestingKit.framework */,
			);
			name = Frameworks;
			sourceTree = "<group>";
		};
		DDA6ABF5146A7E2700383B11 /* IKM Database */ = {
			isa = PBXGroup;
			children = (
				DDA6ABFE146A7E2700383B11 /* AppDelegate.h */,
				DDA6ABFF146A7E2700383B11 /* AppDelegate.m */,
				DDA6AC01146A7E2700383B11 /* MainStoryboard_iPhone.storyboard */,
				DDA6AC04146A7E2700383B11 /* MainStoryboard_iPad.storyboard */,
				DDA6AC07146A7E2700383B11 /* ExpertViewController.h */,
				DDA6AC08146A7E2700383B11 /* ExpertViewController.m */,
				DDDEE5DA14CD960500CF174C /* ExpertDetailTableViewController.h */,
				DDDEE5DB14CD960500CF174C /* ExpertDetailTableViewController.m */,
				DDA6AC0E146A7E2700383B11 /* TestViewController.h */,
				DDA6AC0F146A7E2700383B11 /* TestViewController.m */,
				DDA6AC42146AA8CF00383B11 /* SkillTableViewController.h */,
				DDA6AC43146AA8CF00383B11 /* SkillTableViewController.m */,
				DDD8BB16146AD9D500BF504D /* ExpertTableViewController.h */,
				DDD8BB17146AD9D500BF504D /* ExpertTableViewController.m */,
				DD58768D146D279100AE263A /* IKMDB */,
				DDC8DBBF14B5A3B90018D403 /* Util */,
				DDC8DBC014B5A3E10018D403 /* Images */,
				DDA6ABF6146A7E2700383B11 /* Supporting Files */,
			);
			path = "IKM Database";
			sourceTree = "<group>";
		};
		DDA6ABF6146A7E2700383B11 /* Supporting Files */ = {
			isa = PBXGroup;
			children = (
				DD08DE7F14A260BF00B0A2FA /* Images */,
				DDA6ABF7146A7E2700383B11 /* skilldb-Info.plist */,
				DDA6ABF8146A7E2700383B11 /* InfoPlist.strings */,
				DDA6ABFB146A7E2700383B11 /* main.m */,
				DDA6ABFD146A7E2700383B11 /* skilldb-Prefix.pch */,
				DDB4043514B747DB009F6A09 /* Settings.bundle */,
			);
			name = "Supporting Files";
			sourceTree = "<group>";
		};
		DDA6AC21146A7E2700383B11 /* IKM DatabaseTests */ = {
			isa = PBXGroup;
			children = (
				DDA6AC27146A7E2700383B11 /* IKM_DatabaseTests.h */,
				DDA6AC28146A7E2700383B11 /* IKM_DatabaseTests.m */,
				DDA6AC22146A7E2700383B11 /* Supporting Files */,
			);
			path = "IKM DatabaseTests";
			sourceTree = "<group>";
		};
		DDA6AC22146A7E2700383B11 /* Supporting Files */ = {
			isa = PBXGroup;
			children = (
				DDA6AC23146A7E2700383B11 /* skilldbTests-Info.plist */,
				DDA6AC24146A7E2700383B11 /* InfoPlist.strings */,
			);
			name = "Supporting Files";
			sourceTree = "<group>";
		};
		DDC8DBBF14B5A3B90018D403 /* Util */ = {
			isa = PBXGroup;
			children = (
				DD08DE76149F9DC300B0A2FA /* TextDownloader.h */,
				DD08DE77149F9DC300B0A2FA /* TextDownloader.m */,
				DD08DE7A14A25D7B00B0A2FA /* ImageDownloader.h */,
				DD08DE7B14A25D7B00B0A2FA /* ImageDownloader.m */,
				DD25012314B60B8300E215A7 /* ExpertsDownloader.h */,
				DD25012414B60B8300E215A7 /* ExpertsDownloader.m */,
			);
			name = Util;
			sourceTree = "<group>";
		};
		DDC8DBC014B5A3E10018D403 /* Images */ = {
			isa = PBXGroup;
			children = (
				DD08DE7D14A2605600B0A2FA /* Placeholder.png */,
				DDA6AC0A146A7E2700383B11 /* first.png */,
				DDA6AC0C146A7E2700383B11 /* first@2x.png */,
				DDA6AC11146A7E2700383B11 /* second.png */,
				DDA6AC13146A7E2700383B11 /* second@2x.png */,
			);
			name = Images;
			sourceTree = "<group>";
		};
/* End PBXGroup section */

/* Begin PBXNativeTarget section */
		DDA6ABEA146A7E2700383B11 /* skilldb */ = {
			isa = PBXNativeTarget;
			buildConfigurationList = DDA6AC2C146A7E2700383B11 /* Build configuration list for PBXNativeTarget "skilldb" */;
			buildPhases = (
				DDA6ABE7146A7E2700383B11 /* Sources */,
				DDA6ABE8146A7E2700383B11 /* Frameworks */,
				DDA6ABE9146A7E2700383B11 /* Resources */,
			);
			buildRules = (
			);
			dependencies = (
			);
			name = skilldb;
			productName = "IKM Database";
			productReference = DDA6ABEB146A7E2700383B11 /* skilldb.app */;
			productType = "com.apple.product-type.application";
		};
		DDA6AC19146A7E2700383B11 /* skilldbTests */ = {
			isa = PBXNativeTarget;
			buildConfigurationList = DDA6AC2F146A7E2700383B11 /* Build configuration list for PBXNativeTarget "skilldbTests" */;
			buildPhases = (
				DDA6AC15146A7E2700383B11 /* Sources */,
				DDA6AC16146A7E2700383B11 /* Frameworks */,
				DDA6AC17146A7E2700383B11 /* Resources */,
				DDA6AC18146A7E2700383B11 /* ShellScript */,
			);
			buildRules = (
			);
			dependencies = (
				DDA6AC20146A7E2700383B11 /* PBXTargetDependency */,
			);
			name = skilldbTests;
			productName = "IKM DatabaseTests";
			productReference = DDA6AC1A146A7E2700383B11 /* skilldbTests.octest */;
			productType = "com.apple.product-type.bundle";
		};
/* End PBXNativeTarget section */

/* Begin PBXProject section */
		DDA6ABE2146A7E2700383B11 /* Project object */ = {
			isa = PBXProject;
			attributes = {
				LastUpgradeCheck = 0420;
				ORGANIZATIONNAME = "Zühlke Engineering AG";
			};
			buildConfigurationList = DDA6ABE5146A7E2700383B11 /* Build configuration list for PBXProject "skilldb" */;
			compatibilityVersion = "Xcode 3.2";
			developmentRegion = English;
			hasScannedForEncodings = 0;
			knownRegions = (
				en,
			);
			mainGroup = DDA6ABE0146A7E2700383B11;
			productRefGroup = DDA6ABEC146A7E2700383B11 /* Products */;
			projectDirPath = "";
			projectRoot = "";
			targets = (
				DDA6ABEA146A7E2700383B11 /* skilldb */,
				DDA6AC19146A7E2700383B11 /* skilldbTests */,
			);
		};
/* End PBXProject section */

/* Begin PBXResourcesBuildPhase section */
		DDA6ABE9146A7E2700383B11 /* Resources */ = {
			isa = PBXResourcesBuildPhase;
			buildActionMask = 2147483647;
			files = (
				DDA6ABFA146A7E2700383B11 /* InfoPlist.strings in Resources */,
				DDA6AC03146A7E2700383B11 /* MainStoryboard_iPhone.storyboard in Resources */,
				DDA6AC06146A7E2700383B11 /* MainStoryboard_iPad.storyboard in Resources */,
				DDA6AC0B146A7E2700383B11 /* first.png in Resources */,
				DDA6AC0D146A7E2700383B11 /* first@2x.png in Resources */,
				DDA6AC12146A7E2700383B11 /* second.png in Resources */,
				DDA6AC14146A7E2700383B11 /* second@2x.png in Resources */,
				DD08DE7E14A2605600B0A2FA /* Placeholder.png in Resources */,
				DDB4043614B747DB009F6A09 /* Settings.bundle in Resources */,
				DDB4043F14BC2D09009F6A09 /* skilldb57.png in Resources */,
				DDB4044114BC2D0E009F6A09 /* skilldb114.png in Resources */,
			);
			runOnlyForDeploymentPostprocessing = 0;
		};
		DDA6AC17146A7E2700383B11 /* Resources */ = {
			isa = PBXResourcesBuildPhase;
			buildActionMask = 2147483647;
			files = (
				DDA6AC26146A7E2700383B11 /* InfoPlist.strings in Resources */,
			);
			runOnlyForDeploymentPostprocessing = 0;
		};
/* End PBXResourcesBuildPhase section */

/* Begin PBXShellScriptBuildPhase section */
		DDA6AC18146A7E2700383B11 /* ShellScript */ = {
			isa = PBXShellScriptBuildPhase;
			buildActionMask = 2147483647;
			files = (
			);
			inputPaths = (
			);
			outputPaths = (
			);
			runOnlyForDeploymentPostprocessing = 0;
			shellPath = /bin/sh;
			shellScript = "# Run the unit tests in this test bundle.\n\"${SYSTEM_DEVELOPER_DIR}/Tools/RunUnitTests\"\n";
		};
/* End PBXShellScriptBuildPhase section */

/* Begin PBXSourcesBuildPhase section */
		DDA6ABE7146A7E2700383B11 /* Sources */ = {
			isa = PBXSourcesBuildPhase;
			buildActionMask = 2147483647;
			files = (
				DDA6ABFC146A7E2700383B11 /* main.m in Sources */,
				DDA6AC00146A7E2700383B11 /* AppDelegate.m in Sources */,
				DDA6AC09146A7E2700383B11 /* ExpertViewController.m in Sources */,
				DDA6AC10146A7E2700383B11 /* TestViewController.m in Sources */,
				DDA6AC34146A818E00383B11 /* IKMDatasource.m in Sources */,
				DDA6AC37146A834000383B11 /* Skill.m in Sources */,
				DDA6AC44146AA8CF00383B11 /* SkillTableViewController.m in Sources */,
				DDD8BB18146AD9D500BF504D /* ExpertTableViewController.m in Sources */,
				DD587690146D27C300AE263A /* Expert.m in Sources */,
				DD08DE78149F9DC300B0A2FA /* TextDownloader.m in Sources */,
				DD08DE7C14A25D7B00B0A2FA /* ImageDownloader.m in Sources */,
				DD25012514B60B8300E215A7 /* ExpertsDownloader.m in Sources */,
				DDB4043A14BAE92C009F6A09 /* QueryParameter.m in Sources */,
				DDB4043D14BAE951009F6A09 /* SkillQuery.m in Sources */,
				DDDEE5DC14CD960500CF174C /* ExpertDetailTableViewController.m in Sources */,
			);
			runOnlyForDeploymentPostprocessing = 0;
		};
		DDA6AC15146A7E2700383B11 /* Sources */ = {
			isa = PBXSourcesBuildPhase;
			buildActionMask = 2147483647;
			files = (
				DDA6AC29146A7E2700383B11 /* IKM_DatabaseTests.m in Sources */,
			);
			runOnlyForDeploymentPostprocessing = 0;
		};
/* End PBXSourcesBuildPhase section */

/* Begin PBXTargetDependency section */
		DDA6AC20146A7E2700383B11 /* PBXTargetDependency */ = {
			isa = PBXTargetDependency;
			target = DDA6ABEA146A7E2700383B11 /* skilldb */;
			targetProxy = DDA6AC1F146A7E2700383B11 /* PBXContainerItemProxy */;
		};
/* End PBXTargetDependency section */

/* Begin PBXVariantGroup section */
		DDA6ABF8146A7E2700383B11 /* InfoPlist.strings */ = {
			isa = PBXVariantGroup;
			children = (
				DDA6ABF9146A7E2700383B11 /* en */,
			);
			name = InfoPlist.strings;
			sourceTree = "<group>";
		};
		DDA6AC01146A7E2700383B11 /* MainStoryboard_iPhone.storyboard */ = {
			isa = PBXVariantGroup;
			children = (
				DDA6AC02146A7E2700383B11 /* en */,
			);
			name = MainStoryboard_iPhone.storyboard;
			sourceTree = "<group>";
		};
		DDA6AC04146A7E2700383B11 /* MainStoryboard_iPad.storyboard */ = {
			isa = PBXVariantGroup;
			children = (
				DDA6AC05146A7E2700383B11 /* en */,
			);
			name = MainStoryboard_iPad.storyboard;
			sourceTree = "<group>";
		};
		DDA6AC24146A7E2700383B11 /* InfoPlist.strings */ = {
			isa = PBXVariantGroup;
			children = (
				DDA6AC25146A7E2700383B11 /* en */,
			);
			name = InfoPlist.strings;
			sourceTree = "<group>";
		};
/* End PBXVariantGroup section */

/* Begin XCBuildConfiguration section */
		DDA6AC2A146A7E2700383B11 /* Debug */ = {
			isa = XCBuildConfiguration;
			buildSettings = {
				ALWAYS_SEARCH_USER_PATHS = NO;
				ARCHS = "$(ARCHS_STANDARD_32_BIT)";
				CLANG_ENABLE_OBJC_ARC = YES;
				CODE_SIGN_IDENTITY = "iPhone Distribution: Zuehlke Engineering AG";
				"CODE_SIGN_IDENTITY[sdk=iphoneos*]" = "iPhone Distribution";
				COPY_PHASE_STRIP = NO;
				GCC_C_LANGUAGE_STANDARD = gnu99;
				GCC_DYNAMIC_NO_PIC = NO;
				GCC_OPTIMIZATION_LEVEL = 0;
				GCC_PREPROCESSOR_DEFINITIONS = (
					"DEBUG=1",
					"$(inherited)",
				);
				GCC_SYMBOLS_PRIVATE_EXTERN = NO;
				GCC_VERSION = com.apple.compilers.llvm.clang.1_0;
				GCC_WARN_ABOUT_MISSING_PROTOTYPES = YES;
				GCC_WARN_ABOUT_RETURN_TYPE = YES;
				GCC_WARN_UNUSED_VARIABLE = YES;
				IPHONEOS_DEPLOYMENT_TARGET = 5.0;
				PROVISIONING_PROFILE = "91587716-8FA3-4C26-A3BA-EEC3421B6216";
				"PROVISIONING_PROFILE[sdk=iphoneos*]" = "";
				SDKROOT = iphoneos;
				TARGETED_DEVICE_FAMILY = "1,2";
			};
			name = Debug;
		};
		DDA6AC2B146A7E2700383B11 /* Release */ = {
			isa = XCBuildConfiguration;
			buildSettings = {
				ALWAYS_SEARCH_USER_PATHS = NO;
				ARCHS = "$(ARCHS_STANDARD_32_BIT)";
				CLANG_ENABLE_OBJC_ARC = YES;
				CODE_SIGN_IDENTITY = "iPhone Distribution: Zuehlke Engineering AG";
				"CODE_SIGN_IDENTITY[sdk=iphoneos*]" = "iPhone Distribution";
				COPY_PHASE_STRIP = YES;
				GCC_C_LANGUAGE_STANDARD = gnu99;
				GCC_VERSION = com.apple.compilers.llvm.clang.1_0;
				GCC_WARN_ABOUT_MISSING_PROTOTYPES = YES;
				GCC_WARN_ABOUT_RETURN_TYPE = YES;
				GCC_WARN_UNUSED_VARIABLE = YES;
				IPHONEOS_DEPLOYMENT_TARGET = 5.0;
				OTHER_CFLAGS = "-DNS_BLOCK_ASSERTIONS=1";
				PROVISIONING_PROFILE = "91587716-8FA3-4C26-A3BA-EEC3421B6216";
				"PROVISIONING_PROFILE[sdk=iphoneos*]" = "";
				SDKROOT = iphoneos;
				TARGETED_DEVICE_FAMILY = "1,2";
				VALIDATE_PRODUCT = YES;
			};
			name = Release;
		};
		DDA6AC2D146A7E2700383B11 /* Debug */ = {
			isa = XCBuildConfiguration;
			buildSettings = {
				CODE_SIGN_ENTITLEMENTS = skilldb.entitlements;
				GCC_PRECOMPILE_PREFIX_HEADER = YES;
				GCC_PREFIX_HEADER = "IKM Database/skilldb-Prefix.pch";
				INFOPLIST_FILE = "IKM Database/skilldb-Info.plist";
				PRODUCT_NAME = skilldb;
				TARGETED_DEVICE_FAMILY = 1;
				WRAPPER_EXTENSION = app;
			};
			name = Debug;
		};
		DDA6AC2E146A7E2700383B11 /* Release */ = {
			isa = XCBuildConfiguration;
			buildSettings = {
				CODE_SIGN_ENTITLEMENTS = skilldb.entitlements;
				GCC_PRECOMPILE_PREFIX_HEADER = YES;
				GCC_PREFIX_HEADER = "IKM Database/skilldb-Prefix.pch";
				INFOPLIST_FILE = "IKM Database/skilldb-Info.plist";
				PRODUCT_NAME = skilldb;
				TARGETED_DEVICE_FAMILY = 1;
				WRAPPER_EXTENSION = app;
			};
			name = Release;
		};
		DDA6AC30146A7E2700383B11 /* Debug */ = {
			isa = XCBuildConfiguration;
			buildSettings = {
				BUNDLE_LOADER = "$(BUILT_PRODUCTS_DIR)/IKM Database.app/IKM Database";
				FRAMEWORK_SEARCH_PATHS = (
					"$(SDKROOT)/Developer/Library/Frameworks",
					"$(DEVELOPER_LIBRARY_DIR)/Frameworks",
				);
				GCC_PRECOMPILE_PREFIX_HEADER = YES;
				GCC_PREFIX_HEADER = "IKM Database/IKM Database-Prefix.pch";
				INFOPLIST_FILE = "IKM DatabaseTests/skilldbTests-Info.plist";
				PRODUCT_NAME = skilldbTests;
				TEST_HOST = "$(BUNDLE_LOADER)";
				WRAPPER_EXTENSION = octest;
			};
			name = Debug;
		};
		DDA6AC31146A7E2700383B11 /* Release */ = {
			isa = XCBuildConfiguration;
			buildSettings = {
				BUNDLE_LOADER = "$(BUILT_PRODUCTS_DIR)/IKM Database.app/IKM Database";
				FRAMEWORK_SEARCH_PATHS = (
					"$(SDKROOT)/Developer/Library/Frameworks",
					"$(DEVELOPER_LIBRARY_DIR)/Frameworks",
				);
				GCC_PRECOMPILE_PREFIX_HEADER = YES;
				GCC_PREFIX_HEADER = "IKM Database/IKM Database-Prefix.pch";
				INFOPLIST_FILE = "IKM DatabaseTests/skilldbTests-Info.plist";
				PRODUCT_NAME = skilldbTests;
				TEST_HOST = "$(BUNDLE_LOADER)";
				WRAPPER_EXTENSION = octest;
			};
			name = Release;
		};
/* End XCBuildConfiguration section */

/* Begin XCConfigurationList section */
		DDA6ABE5146A7E2700383B11 /* Build configuration list for PBXProject "skilldb" */ = {
			isa = XCConfigurationList;
			buildConfigurations = (
				DDA6AC2A146A7E2700383B11 /* Debug */,
				DDA6AC2B146A7E2700383B11 /* Release */,
			);
			defaultConfigurationIsVisible = 0;
			defaultConfigurationName = Release;
		};
		DDA6AC2C146A7E2700383B11 /* Build configuration list for PBXNativeTarget "skilldb" */ = {
			isa = XCConfigurationList;
			buildConfigurations = (
				DDA6AC2D146A7E2700383B11 /* Debug */,
				DDA6AC2E146A7E2700383B11 /* Release */,
			);
			defaultConfigurationIsVisible = 0;
			defaultConfigurationName = Release;
		};
		DDA6AC2F146A7E2700383B11 /* Build configuration list for PBXNativeTarget "skilldbTests" */ = {
			isa = XCConfigurationList;
			buildConfigurations = (
				DDA6AC30146A7E2700383B11 /* Debug */,
				DDA6AC31146A7E2700383B11 /* Release */,
			);
			defaultConfigurationIsVisible = 0;
			defaultConfigurationName = Release;
		};
/* End XCConfigurationList section */
	};
	rootObject = DDA6ABE2146A7E2700383B11 /* Project object */;
}
